// !$*UTF8*$!
{
	archiveVersion = 1;
	classes = {
	};
	objectVersion = 56;
	objects = {

/* Begin PBXBuildFile section */
		CC14B7712CB0E0A700807C14 /* AddDetailsView.swift in Sources */ = {isa = PBXBuildFile; fileRef = CC14B7692CB0E0A700807C14 /* AddDetailsView.swift */; };
		CC14B7722CB0E0A700807C14 /* ButtonsView.swift in Sources */ = {isa = PBXBuildFile; fileRef = CC14B76A2CB0E0A700807C14 /* ButtonsView.swift */; };
		CC14B7732CB0E0A700807C14 /* DayOfWeekView.swift in Sources */ = {isa = PBXBuildFile; fileRef = CC14B76C2CB0E0A700807C14 /* DayOfWeekView.swift */; };
		CC14B7742CB0E0A700807C14 /* WeekWorkoutView.swift in Sources */ = {isa = PBXBuildFile; fileRef = CC14B76D2CB0E0A700807C14 /* WeekWorkoutView.swift */; };
		CC14B7752CB0E0A700807C14 /* WorkoutDropdown.swift in Sources */ = {isa = PBXBuildFile; fileRef = CC14B76E2CB0E0A700807C14 /* WorkoutDropdown.swift */; };
		CC14B7762CB0E0A700807C14 /* WorkoutTypeView.swift in Sources */ = {isa = PBXBuildFile; fileRef = CC14B76F2CB0E0A700807C14 /* WorkoutTypeView.swift */; };
		CC7219FD2CB098F300DA12D5 /* TimerView.swift in Sources */ = {isa = PBXBuildFile; fileRef = CC7219FC2CB098F300DA12D5 /* TimerView.swift */; };
		CC7219FF2CB09A5000DA12D5 /* NotesInputView.swift in Sources */ = {isa = PBXBuildFile; fileRef = CC7219FE2CB09A5000DA12D5 /* NotesInputView.swift */; };
		CC721A012CB0D17100DA12D5 /* WorkoutRoutineManager.swift in Sources */ = {isa = PBXBuildFile; fileRef = CC721A002CB0D17100DA12D5 /* WorkoutRoutineManager.swift */; };
		CC721A042CB0D33000DA12D5 /* RoutineObject.swift in Sources */ = {isa = PBXBuildFile; fileRef = CC721A032CB0D33000DA12D5 /* RoutineObject.swift */; };
		CC721A062CB0D44B00DA12D5 /* RepExerciseObject.swift in Sources */ = {isa = PBXBuildFile; fileRef = CC721A052CB0D44B00DA12D5 /* RepExerciseObject.swift */; };
		CC721A082CB0D45500DA12D5 /* TimeExerciseObject.swift in Sources */ = {isa = PBXBuildFile; fileRef = CC721A072CB0D45500DA12D5 /* TimeExerciseObject.swift */; };
		CC721A0A2CB0D47F00DA12D5 /* NotesObject.swift in Sources */ = {isa = PBXBuildFile; fileRef = CC721A092CB0D47F00DA12D5 /* NotesObject.swift */; };
		CC721A0C2CB0D5B100DA12D5 /* SupersetObject.swift in Sources */ = {isa = PBXBuildFile; fileRef = CC721A0B2CB0D5B100DA12D5 /* SupersetObject.swift */; };
		CC721A0E2CB0D5D600DA12D5 /* ExerciseParentObject.swift in Sources */ = {isa = PBXBuildFile; fileRef = CC721A0D2CB0D5D600DA12D5 /* ExerciseParentObject.swift */; };
		CC721A102CB0D5FB00DA12D5 /* WeightUnit.swift in Sources */ = {isa = PBXBuildFile; fileRef = CC721A0F2CB0D5FB00DA12D5 /* WeightUnit.swift */; };
		CC721A122CB0DB5700DA12D5 /* ExerciseTypeEnum.swift in Sources */ = {isa = PBXBuildFile; fileRef = CC721A112CB0DB5700DA12D5 /* ExerciseTypeEnum.swift */; };
		CC94AE002CA36A270091567C /* WorkoutWithABuddyApp.swift in Sources */ = {isa = PBXBuildFile; fileRef = CC94ADFF2CA36A270091567C /* WorkoutWithABuddyApp.swift */; };
		CC94AE022CA36A270091567C /* MainTabBarController.swift in Sources */ = {isa = PBXBuildFile; fileRef = CC94AE012CA36A270091567C /* MainTabBarController.swift */; };
		CC94AE042CA36A280091567C /* Assets.xcassets in Resources */ = {isa = PBXBuildFile; fileRef = CC94AE032CA36A280091567C /* Assets.xcassets */; };
		CC94AE072CA36A280091567C /* Preview Assets.xcassets in Resources */ = {isa = PBXBuildFile; fileRef = CC94AE062CA36A280091567C /* Preview Assets.xcassets */; };
		CC94AE112CA36A280091567C /* WorkoutWithABuddyTests.swift in Sources */ = {isa = PBXBuildFile; fileRef = CC94AE102CA36A280091567C /* WorkoutWithABuddyTests.swift */; };
		CC94AE1B2CA36A280091567C /* WorkoutWithABuddyUITests.swift in Sources */ = {isa = PBXBuildFile; fileRef = CC94AE1A2CA36A280091567C /* WorkoutWithABuddyUITests.swift */; };
		CC94AE1D2CA36A280091567C /* WorkoutWithABuddyUITestsLaunchTests.swift in Sources */ = {isa = PBXBuildFile; fileRef = CC94AE1C2CA36A280091567C /* WorkoutWithABuddyUITestsLaunchTests.swift */; };
		CC94AE2E2CA4ED9A0091567C /* TimePickerView.swift in Sources */ = {isa = PBXBuildFile; fileRef = CC94AE2D2CA4ED9A0091567C /* TimePickerView.swift */; };
		CC94AE3A2CA618730091567C /* PythonDbService.swift in Sources */ = {isa = PBXBuildFile; fileRef = CC94AE392CA618730091567C /* PythonDbService.swift */; };
		CC94AE3C2CA618BC0091567C /* ExerciseObject.swift in Sources */ = {isa = PBXBuildFile; fileRef = CC94AE3B2CA618BC0091567C /* ExerciseObject.swift */; };
		CC94AE3F2CA9D5F00091567C /* LoginView.swift in Sources */ = {isa = PBXBuildFile; fileRef = CC94AE3E2CA9D5F00091567C /* LoginView.swift */; };
		CC94AE412CA9D7C80091567C /* CreateUserView.swift in Sources */ = {isa = PBXBuildFile; fileRef = CC94AE402CA9D7C80091567C /* CreateUserView.swift */; };
		CC94AE432CA9DA5F0091567C /* UserObject.swift in Sources */ = {isa = PBXBuildFile; fileRef = CC94AE422CA9DA5F0091567C /* UserObject.swift */; };
		CC94AE452CA9DE780091567C /* UserLoginService.swift in Sources */ = {isa = PBXBuildFile; fileRef = CC94AE442CA9DE780091567C /* UserLoginService.swift */; };
		CCB8CEE12CA9FE8A00D1BA97 /* WorkoutDay.swift in Sources */ = {isa = PBXBuildFile; fileRef = CCB8CEE02CA9FE8A00D1BA97 /* WorkoutDay.swift */; };
		CCB8CEEC2CAA272300D1BA97 /* WorkoutTypes.swift in Sources */ = {isa = PBXBuildFile; fileRef = CCB8CEEB2CAA272300D1BA97 /* WorkoutTypes.swift */; };
		CCB8CEF02CAA2BD600D1BA97 /* WorkoutManager.swift in Sources */ = {isa = PBXBuildFile; fileRef = CCB8CEEF2CAA2BD600D1BA97 /* WorkoutManager.swift */; };
		CCB8CF0B2CAC959200D1BA97 /* SingleExerciseInputView.swift in Sources */ = {isa = PBXBuildFile; fileRef = CCB8CF0A2CAC959200D1BA97 /* SingleExerciseInputView.swift */; };
		CCB8CF0D2CAC9B0D00D1BA97 /* WeightUnitPickerView.swift in Sources */ = {isa = PBXBuildFile; fileRef = CCB8CF0C2CAC9B0D00D1BA97 /* WeightUnitPickerView.swift */; };
		CCB8CF0F2CACA27700D1BA97 /* DnDTest.swift in Sources */ = {isa = PBXBuildFile; fileRef = CCB8CF0E2CACA27700D1BA97 /* DnDTest.swift */; };
		CCB8CF142CACC93D00D1BA97 /* SelectedDayManager.swift in Sources */ = {isa = PBXBuildFile; fileRef = CCB8CF132CACC93D00D1BA97 /* SelectedDayManager.swift */; };
		CCB8CF172CAE25D600D1BA97 /* TimedExerciseView.swift in Sources */ = {isa = PBXBuildFile; fileRef = CCB8CF162CAE25D600D1BA97 /* TimedExerciseView.swift */; };
		CCB8CF192CAE329F00D1BA97 /* PrettySymbolView.swift in Sources */ = {isa = PBXBuildFile; fileRef = CCB8CF182CAE329F00D1BA97 /* PrettySymbolView.swift */; };
		CCB8CF1B2CAF91C300D1BA97 /* BottomTabView.swift in Sources */ = {isa = PBXBuildFile; fileRef = CCB8CF1A2CAF91C300D1BA97 /* BottomTabView.swift */; };
		CCC3278F2CB0E8B50063F696 /* test.swift in Sources */ = {isa = PBXBuildFile; fileRef = CCC3278E2CB0E8B50063F696 /* test.swift */; };
		CCC327912CB0EA080063F696 /* NumInputView.swift in Sources */ = {isa = PBXBuildFile; fileRef = CCC327902CB0EA080063F696 /* NumInputView.swift */; };
		CCC327942CB201C50063F696 /* ExerciseTestData.swift in Sources */ = {isa = PBXBuildFile; fileRef = CCC327932CB201C50063F696 /* ExerciseTestData.swift */; };
/* End PBXBuildFile section */

/* Begin PBXContainerItemProxy section */
		CC94AE0D2CA36A280091567C /* PBXContainerItemProxy */ = {
			isa = PBXContainerItemProxy;
			containerPortal = CC94ADF42CA36A270091567C /* Project object */;
			proxyType = 1;
			remoteGlobalIDString = CC94ADFB2CA36A270091567C;
			remoteInfo = WorkoutWithABuddy;
		};
		CC94AE172CA36A280091567C /* PBXContainerItemProxy */ = {
			isa = PBXContainerItemProxy;
			containerPortal = CC94ADF42CA36A270091567C /* Project object */;
			proxyType = 1;
			remoteGlobalIDString = CC94ADFB2CA36A270091567C;
			remoteInfo = WorkoutWithABuddy;
		};
/* End PBXContainerItemProxy section */

/* Begin PBXFileReference section */
		CC14B7692CB0E0A700807C14 /* AddDetailsView.swift */ = {isa = PBXFileReference; fileEncoding = 4; lastKnownFileType = sourcecode.swift; path = AddDetailsView.swift; sourceTree = "<group>"; };
		CC14B76A2CB0E0A700807C14 /* ButtonsView.swift */ = {isa = PBXFileReference; fileEncoding = 4; lastKnownFileType = sourcecode.swift; path = ButtonsView.swift; sourceTree = "<group>"; };
		CC14B76C2CB0E0A700807C14 /* DayOfWeekView.swift */ = {isa = PBXFileReference; fileEncoding = 4; lastKnownFileType = sourcecode.swift; path = DayOfWeekView.swift; sourceTree = "<group>"; };
		CC14B76D2CB0E0A700807C14 /* WeekWorkoutView.swift */ = {isa = PBXFileReference; fileEncoding = 4; lastKnownFileType = sourcecode.swift; path = WeekWorkoutView.swift; sourceTree = "<group>"; };
		CC14B76E2CB0E0A700807C14 /* WorkoutDropdown.swift */ = {isa = PBXFileReference; fileEncoding = 4; lastKnownFileType = sourcecode.swift; path = WorkoutDropdown.swift; sourceTree = "<group>"; };
		CC14B76F2CB0E0A700807C14 /* WorkoutTypeView.swift */ = {isa = PBXFileReference; fileEncoding = 4; lastKnownFileType = sourcecode.swift; path = WorkoutTypeView.swift; sourceTree = "<group>"; };
		CC7219FC2CB098F300DA12D5 /* TimerView.swift */ = {isa = PBXFileReference; lastKnownFileType = sourcecode.swift; path = TimerView.swift; sourceTree = "<group>"; };
		CC7219FE2CB09A5000DA12D5 /* NotesInputView.swift */ = {isa = PBXFileReference; lastKnownFileType = sourcecode.swift; path = NotesInputView.swift; sourceTree = "<group>"; };
		CC721A002CB0D17100DA12D5 /* WorkoutRoutineManager.swift */ = {isa = PBXFileReference; lastKnownFileType = sourcecode.swift; path = WorkoutRoutineManager.swift; sourceTree = "<group>"; };
		CC721A032CB0D33000DA12D5 /* RoutineObject.swift */ = {isa = PBXFileReference; lastKnownFileType = sourcecode.swift; path = RoutineObject.swift; sourceTree = "<group>"; };
		CC721A052CB0D44B00DA12D5 /* RepExerciseObject.swift */ = {isa = PBXFileReference; lastKnownFileType = sourcecode.swift; path = RepExerciseObject.swift; sourceTree = "<group>"; };
		CC721A072CB0D45500DA12D5 /* TimeExerciseObject.swift */ = {isa = PBXFileReference; lastKnownFileType = sourcecode.swift; path = TimeExerciseObject.swift; sourceTree = "<group>"; };
		CC721A092CB0D47F00DA12D5 /* NotesObject.swift */ = {isa = PBXFileReference; lastKnownFileType = sourcecode.swift; path = NotesObject.swift; sourceTree = "<group>"; };
		CC721A0B2CB0D5B100DA12D5 /* SupersetObject.swift */ = {isa = PBXFileReference; lastKnownFileType = sourcecode.swift; path = SupersetObject.swift; sourceTree = "<group>"; };
		CC721A0D2CB0D5D600DA12D5 /* ExerciseParentObject.swift */ = {isa = PBXFileReference; lastKnownFileType = sourcecode.swift; path = ExerciseParentObject.swift; sourceTree = "<group>"; };
		CC721A0F2CB0D5FB00DA12D5 /* WeightUnit.swift */ = {isa = PBXFileReference; lastKnownFileType = sourcecode.swift; path = WeightUnit.swift; sourceTree = "<group>"; };
		CC721A112CB0DB5700DA12D5 /* ExerciseTypeEnum.swift */ = {isa = PBXFileReference; lastKnownFileType = sourcecode.swift; path = ExerciseTypeEnum.swift; sourceTree = "<group>"; };
		CC94ADFC2CA36A270091567C /* WorkoutWithABuddy.app */ = {isa = PBXFileReference; explicitFileType = wrapper.application; includeInIndex = 0; path = WorkoutWithABuddy.app; sourceTree = BUILT_PRODUCTS_DIR; };
		CC94ADFF2CA36A270091567C /* WorkoutWithABuddyApp.swift */ = {isa = PBXFileReference; lastKnownFileType = sourcecode.swift; path = WorkoutWithABuddyApp.swift; sourceTree = "<group>"; };
		CC94AE012CA36A270091567C /* MainTabBarController.swift */ = {isa = PBXFileReference; lastKnownFileType = sourcecode.swift; path = MainTabBarController.swift; sourceTree = "<group>"; };
		CC94AE032CA36A280091567C /* Assets.xcassets */ = {isa = PBXFileReference; lastKnownFileType = folder.assetcatalog; path = Assets.xcassets; sourceTree = "<group>"; };
		CC94AE062CA36A280091567C /* Preview Assets.xcassets */ = {isa = PBXFileReference; lastKnownFileType = folder.assetcatalog; path = "Preview Assets.xcassets"; sourceTree = "<group>"; };
		CC94AE0C2CA36A280091567C /* WorkoutWithABuddyTests.xctest */ = {isa = PBXFileReference; explicitFileType = wrapper.cfbundle; includeInIndex = 0; path = WorkoutWithABuddyTests.xctest; sourceTree = BUILT_PRODUCTS_DIR; };
		CC94AE102CA36A280091567C /* WorkoutWithABuddyTests.swift */ = {isa = PBXFileReference; lastKnownFileType = sourcecode.swift; path = WorkoutWithABuddyTests.swift; sourceTree = "<group>"; };
		CC94AE162CA36A280091567C /* WorkoutWithABuddyUITests.xctest */ = {isa = PBXFileReference; explicitFileType = wrapper.cfbundle; includeInIndex = 0; path = WorkoutWithABuddyUITests.xctest; sourceTree = BUILT_PRODUCTS_DIR; };
		CC94AE1A2CA36A280091567C /* WorkoutWithABuddyUITests.swift */ = {isa = PBXFileReference; lastKnownFileType = sourcecode.swift; path = WorkoutWithABuddyUITests.swift; sourceTree = "<group>"; };
		CC94AE1C2CA36A280091567C /* WorkoutWithABuddyUITestsLaunchTests.swift */ = {isa = PBXFileReference; lastKnownFileType = sourcecode.swift; path = WorkoutWithABuddyUITestsLaunchTests.swift; sourceTree = "<group>"; };
		CC94AE2D2CA4ED9A0091567C /* TimePickerView.swift */ = {isa = PBXFileReference; lastKnownFileType = sourcecode.swift; path = TimePickerView.swift; sourceTree = "<group>"; };
		CC94AE392CA618730091567C /* PythonDbService.swift */ = {isa = PBXFileReference; lastKnownFileType = sourcecode.swift; path = PythonDbService.swift; sourceTree = "<group>"; };
		CC94AE3B2CA618BC0091567C /* ExerciseObject.swift */ = {isa = PBXFileReference; lastKnownFileType = sourcecode.swift; path = ExerciseObject.swift; sourceTree = "<group>"; };
		CC94AE3E2CA9D5F00091567C /* LoginView.swift */ = {isa = PBXFileReference; lastKnownFileType = sourcecode.swift; path = LoginView.swift; sourceTree = "<group>"; };
		CC94AE402CA9D7C80091567C /* CreateUserView.swift */ = {isa = PBXFileReference; lastKnownFileType = sourcecode.swift; path = CreateUserView.swift; sourceTree = "<group>"; };
		CC94AE422CA9DA5F0091567C /* UserObject.swift */ = {isa = PBXFileReference; lastKnownFileType = sourcecode.swift; path = UserObject.swift; sourceTree = "<group>"; };
		CC94AE442CA9DE780091567C /* UserLoginService.swift */ = {isa = PBXFileReference; lastKnownFileType = sourcecode.swift; path = UserLoginService.swift; sourceTree = "<group>"; };
		CCB8CEE02CA9FE8A00D1BA97 /* WorkoutDay.swift */ = {isa = PBXFileReference; lastKnownFileType = sourcecode.swift; path = WorkoutDay.swift; sourceTree = "<group>"; };
		CCB8CEEB2CAA272300D1BA97 /* WorkoutTypes.swift */ = {isa = PBXFileReference; lastKnownFileType = sourcecode.swift; path = WorkoutTypes.swift; sourceTree = "<group>"; };
		CCB8CEEF2CAA2BD600D1BA97 /* WorkoutManager.swift */ = {isa = PBXFileReference; lastKnownFileType = sourcecode.swift; path = WorkoutManager.swift; sourceTree = "<group>"; };
		CCB8CF0A2CAC959200D1BA97 /* SingleExerciseInputView.swift */ = {isa = PBXFileReference; lastKnownFileType = sourcecode.swift; path = SingleExerciseInputView.swift; sourceTree = "<group>"; };
		CCB8CF0C2CAC9B0D00D1BA97 /* WeightUnitPickerView.swift */ = {isa = PBXFileReference; lastKnownFileType = sourcecode.swift; path = WeightUnitPickerView.swift; sourceTree = "<group>"; };
		CCB8CF0E2CACA27700D1BA97 /* DnDTest.swift */ = {isa = PBXFileReference; lastKnownFileType = sourcecode.swift; path = DnDTest.swift; sourceTree = "<group>"; };
		CCB8CF132CACC93D00D1BA97 /* SelectedDayManager.swift */ = {isa = PBXFileReference; lastKnownFileType = sourcecode.swift; path = SelectedDayManager.swift; sourceTree = "<group>"; };
		CCB8CF162CAE25D600D1BA97 /* TimedExerciseView.swift */ = {isa = PBXFileReference; lastKnownFileType = sourcecode.swift; path = TimedExerciseView.swift; sourceTree = "<group>"; };
		CCB8CF182CAE329F00D1BA97 /* PrettySymbolView.swift */ = {isa = PBXFileReference; lastKnownFileType = sourcecode.swift; path = PrettySymbolView.swift; sourceTree = "<group>"; };
		CCB8CF1A2CAF91C300D1BA97 /* BottomTabView.swift */ = {isa = PBXFileReference; lastKnownFileType = sourcecode.swift; path = BottomTabView.swift; sourceTree = "<group>"; };
		CCC3278E2CB0E8B50063F696 /* test.swift */ = {isa = PBXFileReference; lastKnownFileType = sourcecode.swift; path = test.swift; sourceTree = "<group>"; };
		CCC327902CB0EA080063F696 /* NumInputView.swift */ = {isa = PBXFileReference; lastKnownFileType = sourcecode.swift; path = NumInputView.swift; sourceTree = "<group>"; };
		CCC327932CB201C50063F696 /* ExerciseTestData.swift */ = {isa = PBXFileReference; lastKnownFileType = sourcecode.swift; path = ExerciseTestData.swift; sourceTree = "<group>"; };
/* End PBXFileReference section */

/* Begin PBXFrameworksBuildPhase section */
		CC94ADF92CA36A270091567C /* Frameworks */ = {
			isa = PBXFrameworksBuildPhase;
			buildActionMask = 2147483647;
			files = (
			);
			runOnlyForDeploymentPostprocessing = 0;
		};
		CC94AE092CA36A280091567C /* Frameworks */ = {
			isa = PBXFrameworksBuildPhase;
			buildActionMask = 2147483647;
			files = (
			);
			runOnlyForDeploymentPostprocessing = 0;
		};
		CC94AE132CA36A280091567C /* Frameworks */ = {
			isa = PBXFrameworksBuildPhase;
			buildActionMask = 2147483647;
			files = (
			);
			runOnlyForDeploymentPostprocessing = 0;
		};
/* End PBXFrameworksBuildPhase section */

/* Begin PBXGroup section */
		CC14B76B2CB0E0A700807C14 /* DragAndDrop */ = {
			isa = PBXGroup;
			children = (
				CC14B7692CB0E0A700807C14 /* AddDetailsView.swift */,
				CC14B76A2CB0E0A700807C14 /* ButtonsView.swift */,
			);
			path = DragAndDrop;
			sourceTree = "<group>";
		};
		CC14B7702CB0E0A700807C14 /* RoutineSetup */ = {
			isa = PBXGroup;
			children = (
				CCB8CF092CAC958400D1BA97 /* SwiftUiExerciseInput */,
				CC14B76B2CB0E0A700807C14 /* DragAndDrop */,
				CC14B76C2CB0E0A700807C14 /* DayOfWeekView.swift */,
				CC14B76D2CB0E0A700807C14 /* WeekWorkoutView.swift */,
				CC14B76E2CB0E0A700807C14 /* WorkoutDropdown.swift */,
				CC14B76F2CB0E0A700807C14 /* WorkoutTypeView.swift */,
				CC94AE2D2CA4ED9A0091567C /* TimePickerView.swift */,
			);
			path = RoutineSetup;
			sourceTree = "<group>";
		};
		CC4C57202CB0E14800083E6E /* WorkoutWithABuddy */ = {
			isa = PBXGroup;
			children = (
				CC4C57212CB0E15A00083E6E /* WorkoutWithABuddy */,
			);
			path = WorkoutWithABuddy;
			sourceTree = "<group>";
		};
		CC4C57212CB0E15A00083E6E /* WorkoutWithABuddy */ = {
			isa = PBXGroup;
			children = (
			);
			path = WorkoutWithABuddy;
			sourceTree = SOURCE_ROOT;
		};
		CC721A022CB0D32600DA12D5 /* Objects */ = {
			isa = PBXGroup;
			children = (
				CCB8CEE02CA9FE8A00D1BA97 /* WorkoutDay.swift */,
				CCB8CEEB2CAA272300D1BA97 /* WorkoutTypes.swift */,
				CC94AE3B2CA618BC0091567C /* ExerciseObject.swift */,
				CC721A032CB0D33000DA12D5 /* RoutineObject.swift */,
				CC721A052CB0D44B00DA12D5 /* RepExerciseObject.swift */,
				CC721A072CB0D45500DA12D5 /* TimeExerciseObject.swift */,
				CC721A092CB0D47F00DA12D5 /* NotesObject.swift */,
				CC721A0B2CB0D5B100DA12D5 /* SupersetObject.swift */,
				CC721A0D2CB0D5D600DA12D5 /* ExerciseParentObject.swift */,
				CC721A0F2CB0D5FB00DA12D5 /* WeightUnit.swift */,
				CC721A112CB0DB5700DA12D5 /* ExerciseTypeEnum.swift */,
				CC94AE422CA9DA5F0091567C /* UserObject.swift */,
			);
			path = Objects;
			sourceTree = "<group>";
		};
		CC721A142CB0DF7700DA12D5 /* RoutineDisplay */ = {
			isa = PBXGroup;
			children = (
				CCB8CF162CAE25D600D1BA97 /* TimedExerciseView.swift */,
				CCB8CF1A2CAF91C300D1BA97 /* BottomTabView.swift */,
				CC7219FC2CB098F300DA12D5 /* TimerView.swift */,
				CC7219FE2CB09A5000DA12D5 /* NotesInputView.swift */,
			);
			path = RoutineDisplay;
			sourceTree = "<group>";
		};
		CC94ADF32CA36A270091567C = {
			isa = PBXGroup;
			children = (
				CC94ADFE2CA36A270091567C /* WorkoutWithABuddy */,
				CC4C57202CB0E14800083E6E /* WorkoutWithABuddy */,
				CC94AE0F2CA36A280091567C /* WorkoutWithABuddyTests */,
				CC94AE192CA36A280091567C /* WorkoutWithABuddyUITests */,
				CC94ADFD2CA36A270091567C /* Products */,
			);
			sourceTree = "<group>";
		};
		CC94ADFD2CA36A270091567C /* Products */ = {
			isa = PBXGroup;
			children = (
				CC94ADFC2CA36A270091567C /* WorkoutWithABuddy.app */,
				CC94AE0C2CA36A280091567C /* WorkoutWithABuddyTests.xctest */,
				CC94AE162CA36A280091567C /* WorkoutWithABuddyUITests.xctest */,
			);
			name = Products;
			sourceTree = "<group>";
		};
		CC94ADFE2CA36A270091567C /* WorkoutWithABuddy */ = {
			isa = PBXGroup;
			children = (
				CC94ADFF2CA36A270091567C /* WorkoutWithABuddyApp.swift */,
				CC94AE012CA36A270091567C /* MainTabBarController.swift */,
				CCC327922CB2019E0063F696 /* ExampleData */,
				CC721A022CB0D32600DA12D5 /* Objects */,
				CCB8CF122CACC90500D1BA97 /* Managers */,
				CC94AE472CA9E1450091567C /* Services */,
				CC94AE3D2CA9D3800091567C /* Log-In */,
				CC14B7702CB0E0A700807C14 /* RoutineSetup */,
				CC721A142CB0DF7700DA12D5 /* RoutineDisplay */,
				CC94AE032CA36A280091567C /* Assets.xcassets */,
				CC94AE052CA36A280091567C /* Preview Content */,
				CCB8CF0E2CACA27700D1BA97 /* DnDTest.swift */,
				CCB8CF182CAE329F00D1BA97 /* PrettySymbolView.swift */,
			);
			path = WorkoutWithABuddy;
			sourceTree = "<group>";
		};
		CC94AE052CA36A280091567C /* Preview Content */ = {
			isa = PBXGroup;
			children = (
				CC94AE062CA36A280091567C /* Preview Assets.xcassets */,
			);
			path = "Preview Content";
			sourceTree = "<group>";
		};
		CC94AE0F2CA36A280091567C /* WorkoutWithABuddyTests */ = {
			isa = PBXGroup;
			children = (
				CC94AE102CA36A280091567C /* WorkoutWithABuddyTests.swift */,
			);
			path = WorkoutWithABuddyTests;
			sourceTree = "<group>";
		};
		CC94AE192CA36A280091567C /* WorkoutWithABuddyUITests */ = {
			isa = PBXGroup;
			children = (
				CC94AE1A2CA36A280091567C /* WorkoutWithABuddyUITests.swift */,
				CC94AE1C2CA36A280091567C /* WorkoutWithABuddyUITestsLaunchTests.swift */,
			);
			path = WorkoutWithABuddyUITests;
			sourceTree = "<group>";
		};
		CC94AE3D2CA9D3800091567C /* Log-In */ = {
			isa = PBXGroup;
			children = (
				CC94AE3E2CA9D5F00091567C /* LoginView.swift */,
				CC94AE402CA9D7C80091567C /* CreateUserView.swift */,
			);
			path = "Log-In";
			sourceTree = "<group>";
		};
		CC94AE472CA9E1450091567C /* Services */ = {
			isa = PBXGroup;
			children = (
				CC94AE442CA9DE780091567C /* UserLoginService.swift */,
				CC94AE392CA618730091567C /* PythonDbService.swift */,
			);
			path = Services;
			sourceTree = "<group>";
		};
		CCB8CF092CAC958400D1BA97 /* SwiftUiExerciseInput */ = {
			isa = PBXGroup;
			children = (
				CCB8CF0A2CAC959200D1BA97 /* SingleExerciseInputView.swift */,
				CCB8CF0C2CAC9B0D00D1BA97 /* WeightUnitPickerView.swift */,
				CCC3278E2CB0E8B50063F696 /* test.swift */,
				CCC327902CB0EA080063F696 /* NumInputView.swift */,
			);
			path = SwiftUiExerciseInput;
			sourceTree = "<group>";
		};
		CCB8CF122CACC90500D1BA97 /* Managers */ = {
			isa = PBXGroup;
			children = (
				CCB8CEEF2CAA2BD600D1BA97 /* WorkoutManager.swift */,
				CCB8CF132CACC93D00D1BA97 /* SelectedDayManager.swift */,
				CC721A002CB0D17100DA12D5 /* WorkoutRoutineManager.swift */,
			);
			path = Managers;
			sourceTree = "<group>";
		};
		CCC327922CB2019E0063F696 /* ExampleData */ = {
			isa = PBXGroup;
			children = (
				CCC327932CB201C50063F696 /* ExerciseTestData.swift */,
			);
			path = ExampleData;
			sourceTree = "<group>";
		};
/* End PBXGroup section */

/* Begin PBXNativeTarget section */
		CC94ADFB2CA36A270091567C /* WorkoutWithABuddy */ = {
			isa = PBXNativeTarget;
			buildConfigurationList = CC94AE202CA36A280091567C /* Build configuration list for PBXNativeTarget "WorkoutWithABuddy" */;
			buildPhases = (
				CC94ADF82CA36A270091567C /* Sources */,
				CC94ADF92CA36A270091567C /* Frameworks */,
				CC94ADFA2CA36A270091567C /* Resources */,
			);
			buildRules = (
			);
			dependencies = (
			);
			name = WorkoutWithABuddy;
			productName = WorkoutWithABuddy;
			productReference = CC94ADFC2CA36A270091567C /* WorkoutWithABuddy.app */;
			productType = "com.apple.product-type.application";
		};
		CC94AE0B2CA36A280091567C /* WorkoutWithABuddyTests */ = {
			isa = PBXNativeTarget;
			buildConfigurationList = CC94AE232CA36A280091567C /* Build configuration list for PBXNativeTarget "WorkoutWithABuddyTests" */;
			buildPhases = (
				CC94AE082CA36A280091567C /* Sources */,
				CC94AE092CA36A280091567C /* Frameworks */,
				CC94AE0A2CA36A280091567C /* Resources */,
			);
			buildRules = (
			);
			dependencies = (
				CC94AE0E2CA36A280091567C /* PBXTargetDependency */,
			);
			name = WorkoutWithABuddyTests;
			productName = WorkoutWithABuddyTests;
			productReference = CC94AE0C2CA36A280091567C /* WorkoutWithABuddyTests.xctest */;
			productType = "com.apple.product-type.bundle.unit-test";
		};
		CC94AE152CA36A280091567C /* WorkoutWithABuddyUITests */ = {
			isa = PBXNativeTarget;
			buildConfigurationList = CC94AE262CA36A280091567C /* Build configuration list for PBXNativeTarget "WorkoutWithABuddyUITests" */;
			buildPhases = (
				CC94AE122CA36A280091567C /* Sources */,
				CC94AE132CA36A280091567C /* Frameworks */,
				CC94AE142CA36A280091567C /* Resources */,
			);
			buildRules = (
			);
			dependencies = (
				CC94AE182CA36A280091567C /* PBXTargetDependency */,
			);
			name = WorkoutWithABuddyUITests;
			productName = WorkoutWithABuddyUITests;
			productReference = CC94AE162CA36A280091567C /* WorkoutWithABuddyUITests.xctest */;
			productType = "com.apple.product-type.bundle.ui-testing";
		};
/* End PBXNativeTarget section */

/* Begin PBXProject section */
		CC94ADF42CA36A270091567C /* Project object */ = {
			isa = PBXProject;
			attributes = {
				BuildIndependentTargetsInParallel = 1;
				LastSwiftUpdateCheck = 1540;
				LastUpgradeCheck = 1540;
				TargetAttributes = {
					CC94ADFB2CA36A270091567C = {
						CreatedOnToolsVersion = 15.4;
					};
					CC94AE0B2CA36A280091567C = {
						CreatedOnToolsVersion = 15.4;
						TestTargetID = CC94ADFB2CA36A270091567C;
					};
					CC94AE152CA36A280091567C = {
						CreatedOnToolsVersion = 15.4;
						TestTargetID = CC94ADFB2CA36A270091567C;
					};
				};
			};
			buildConfigurationList = CC94ADF72CA36A270091567C /* Build configuration list for PBXProject "WorkoutWithABuddy" */;
			compatibilityVersion = "Xcode 14.0";
			developmentRegion = en;
			hasScannedForEncodings = 0;
			knownRegions = (
				en,
				Base,
			);
			mainGroup = CC94ADF32CA36A270091567C;
			productRefGroup = CC94ADFD2CA36A270091567C /* Products */;
			projectDirPath = "";
			projectRoot = "";
			targets = (
				CC94ADFB2CA36A270091567C /* WorkoutWithABuddy */,
				CC94AE0B2CA36A280091567C /* WorkoutWithABuddyTests */,
				CC94AE152CA36A280091567C /* WorkoutWithABuddyUITests */,
			);
		};
/* End PBXProject section */

/* Begin PBXResourcesBuildPhase section */
		CC94ADFA2CA36A270091567C /* Resources */ = {
			isa = PBXResourcesBuildPhase;
			buildActionMask = 2147483647;
			files = (
				CC94AE072CA36A280091567C /* Preview Assets.xcassets in Resources */,
				CC94AE042CA36A280091567C /* Assets.xcassets in Resources */,
			);
			runOnlyForDeploymentPostprocessing = 0;
		};
		CC94AE0A2CA36A280091567C /* Resources */ = {
			isa = PBXResourcesBuildPhase;
			buildActionMask = 2147483647;
			files = (
			);
			runOnlyForDeploymentPostprocessing = 0;
		};
		CC94AE142CA36A280091567C /* Resources */ = {
			isa = PBXResourcesBuildPhase;
			buildActionMask = 2147483647;
			files = (
			);
			runOnlyForDeploymentPostprocessing = 0;
		};
/* End PBXResourcesBuildPhase section */

/* Begin PBXSourcesBuildPhase section */
		CC94ADF82CA36A270091567C /* Sources */ = {
			isa = PBXSourcesBuildPhase;
			buildActionMask = 2147483647;
			files = (
				CC7219FD2CB098F300DA12D5 /* TimerView.swift in Sources */,
				CC94AE022CA36A270091567C /* MainTabBarController.swift in Sources */,
				CC14B7762CB0E0A700807C14 /* WorkoutTypeView.swift in Sources */,
				CCC327942CB201C50063F696 /* ExerciseTestData.swift in Sources */,
				CC14B7752CB0E0A700807C14 /* WorkoutDropdown.swift in Sources */,
				CC721A0A2CB0D47F00DA12D5 /* NotesObject.swift in Sources */,
				CCB8CF142CACC93D00D1BA97 /* SelectedDayManager.swift in Sources */,
				CC14B7722CB0E0A700807C14 /* ButtonsView.swift in Sources */,
				CCC3278F2CB0E8B50063F696 /* test.swift in Sources */,
				CC14B7732CB0E0A700807C14 /* DayOfWeekView.swift in Sources */,
				CCC327912CB0EA080063F696 /* NumInputView.swift in Sources */,
				CCB8CEF02CAA2BD600D1BA97 /* WorkoutManager.swift in Sources */,
				CC721A082CB0D45500DA12D5 /* TimeExerciseObject.swift in Sources */,
				CC721A122CB0DB5700DA12D5 /* ExerciseTypeEnum.swift in Sources */,
				CC94AE002CA36A270091567C /* WorkoutWithABuddyApp.swift in Sources */,
				CC94AE452CA9DE780091567C /* UserLoginService.swift in Sources */,
				CC94AE3C2CA618BC0091567C /* ExerciseObject.swift in Sources */,
				CCB8CF0F2CACA27700D1BA97 /* DnDTest.swift in Sources */,
				CCB8CF0D2CAC9B0D00D1BA97 /* WeightUnitPickerView.swift in Sources */,
				CCB8CEEC2CAA272300D1BA97 /* WorkoutTypes.swift in Sources */,
				CCB8CF0B2CAC959200D1BA97 /* SingleExerciseInputView.swift in Sources */,
				CC721A062CB0D44B00DA12D5 /* RepExerciseObject.swift in Sources */,
				CC721A0C2CB0D5B100DA12D5 /* SupersetObject.swift in Sources */,
				CCB8CEE12CA9FE8A00D1BA97 /* WorkoutDay.swift in Sources */,
				CC7219FF2CB09A5000DA12D5 /* NotesInputView.swift in Sources */,
				CCB8CF172CAE25D600D1BA97 /* TimedExerciseView.swift in Sources */,
				CC94AE3A2CA618730091567C /* PythonDbService.swift in Sources */,
				CC721A0E2CB0D5D600DA12D5 /* ExerciseParentObject.swift in Sources */,
				CC94AE2E2CA4ED9A0091567C /* TimePickerView.swift in Sources */,
				CC94AE3F2CA9D5F00091567C /* LoginView.swift in Sources */,
				CCB8CF192CAE329F00D1BA97 /* PrettySymbolView.swift in Sources */,
				CC721A102CB0D5FB00DA12D5 /* WeightUnit.swift in Sources */,
				CC721A012CB0D17100DA12D5 /* WorkoutRoutineManager.swift in Sources */,
				CCB8CF1B2CAF91C300D1BA97 /* BottomTabView.swift in Sources */,
				CC721A042CB0D33000DA12D5 /* RoutineObject.swift in Sources */,
				CC14B7742CB0E0A700807C14 /* WeekWorkoutView.swift in Sources */,
				CC94AE412CA9D7C80091567C /* CreateUserView.swift in Sources */,
				CC94AE432CA9DA5F0091567C /* UserObject.swift in Sources */,
				CC14B7712CB0E0A700807C14 /* AddDetailsView.swift in Sources */,
			);
			runOnlyForDeploymentPostprocessing = 0;
		};
		CC94AE082CA36A280091567C /* Sources */ = {
			isa = PBXSourcesBuildPhase;
			buildActionMask = 2147483647;
			files = (
				CC94AE112CA36A280091567C /* WorkoutWithABuddyTests.swift in Sources */,
			);
			runOnlyForDeploymentPostprocessing = 0;
		};
		CC94AE122CA36A280091567C /* Sources */ = {
			isa = PBXSourcesBuildPhase;
			buildActionMask = 2147483647;
			files = (
				CC94AE1B2CA36A280091567C /* WorkoutWithABuddyUITests.swift in Sources */,
				CC94AE1D2CA36A280091567C /* WorkoutWithABuddyUITestsLaunchTests.swift in Sources */,
			);
			runOnlyForDeploymentPostprocessing = 0;
		};
/* End PBXSourcesBuildPhase section */

/* Begin PBXTargetDependency section */
		CC94AE0E2CA36A280091567C /* PBXTargetDependency */ = {
			isa = PBXTargetDependency;
			target = CC94ADFB2CA36A270091567C /* WorkoutWithABuddy */;
			targetProxy = CC94AE0D2CA36A280091567C /* PBXContainerItemProxy */;
		};
		CC94AE182CA36A280091567C /* PBXTargetDependency */ = {
			isa = PBXTargetDependency;
			target = CC94ADFB2CA36A270091567C /* WorkoutWithABuddy */;
			targetProxy = CC94AE172CA36A280091567C /* PBXContainerItemProxy */;
		};
/* End PBXTargetDependency section */

/* Begin XCBuildConfiguration section */
		CC94AE1E2CA36A280091567C /* Debug */ = {
			isa = XCBuildConfiguration;
			buildSettings = {
				ALWAYS_SEARCH_USER_PATHS = NO;
				ASSETCATALOG_COMPILER_GENERATE_SWIFT_ASSET_SYMBOL_EXTENSIONS = YES;
				CLANG_ANALYZER_NONNULL = YES;
				CLANG_ANALYZER_NUMBER_OBJECT_CONVERSION = YES_AGGRESSIVE;
				CLANG_CXX_LANGUAGE_STANDARD = "gnu++20";
				CLANG_ENABLE_MODULES = YES;
				CLANG_ENABLE_OBJC_ARC = YES;
				CLANG_ENABLE_OBJC_WEAK = YES;
				CLANG_WARN_BLOCK_CAPTURE_AUTORELEASING = YES;
				CLANG_WARN_BOOL_CONVERSION = YES;
				CLANG_WARN_COMMA = YES;
				CLANG_WARN_CONSTANT_CONVERSION = YES;
				CLANG_WARN_DEPRECATED_OBJC_IMPLEMENTATIONS = YES;
				CLANG_WARN_DIRECT_OBJC_ISA_USAGE = YES_ERROR;
				CLANG_WARN_DOCUMENTATION_COMMENTS = YES;
				CLANG_WARN_EMPTY_BODY = YES;
				CLANG_WARN_ENUM_CONVERSION = YES;
				CLANG_WARN_INFINITE_RECURSION = YES;
				CLANG_WARN_INT_CONVERSION = YES;
				CLANG_WARN_NON_LITERAL_NULL_CONVERSION = YES;
				CLANG_WARN_OBJC_IMPLICIT_RETAIN_SELF = YES;
				CLANG_WARN_OBJC_LITERAL_CONVERSION = YES;
				CLANG_WARN_OBJC_ROOT_CLASS = YES_ERROR;
				CLANG_WARN_QUOTED_INCLUDE_IN_FRAMEWORK_HEADER = YES;
				CLANG_WARN_RANGE_LOOP_ANALYSIS = YES;
				CLANG_WARN_STRICT_PROTOTYPES = YES;
				CLANG_WARN_SUSPICIOUS_MOVE = YES;
				CLANG_WARN_UNGUARDED_AVAILABILITY = YES_AGGRESSIVE;
				CLANG_WARN_UNREACHABLE_CODE = YES;
				CLANG_WARN__DUPLICATE_METHOD_MATCH = YES;
				COPY_PHASE_STRIP = NO;
				DEBUG_INFORMATION_FORMAT = dwarf;
				ENABLE_STRICT_OBJC_MSGSEND = YES;
				ENABLE_TESTABILITY = YES;
				ENABLE_USER_SCRIPT_SANDBOXING = YES;
				GCC_C_LANGUAGE_STANDARD = gnu17;
				GCC_DYNAMIC_NO_PIC = NO;
				GCC_NO_COMMON_BLOCKS = YES;
				GCC_OPTIMIZATION_LEVEL = 0;
				GCC_PREPROCESSOR_DEFINITIONS = (
					"DEBUG=1",
					"$(inherited)",
				);
				GCC_WARN_64_TO_32_BIT_CONVERSION = YES;
				GCC_WARN_ABOUT_RETURN_TYPE = YES_ERROR;
				GCC_WARN_UNDECLARED_SELECTOR = YES;
				GCC_WARN_UNINITIALIZED_AUTOS = YES_AGGRESSIVE;
				GCC_WARN_UNUSED_FUNCTION = YES;
				GCC_WARN_UNUSED_VARIABLE = YES;
				IPHONEOS_DEPLOYMENT_TARGET = 17.5;
				LOCALIZATION_PREFERS_STRING_CATALOGS = YES;
				MTL_ENABLE_DEBUG_INFO = INCLUDE_SOURCE;
				MTL_FAST_MATH = YES;
				ONLY_ACTIVE_ARCH = YES;
				SDKROOT = iphoneos;
				SWIFT_ACTIVE_COMPILATION_CONDITIONS = "DEBUG $(inherited)";
				SWIFT_OPTIMIZATION_LEVEL = "-Onone";
			};
			name = Debug;
		};
		CC94AE1F2CA36A280091567C /* Release */ = {
			isa = XCBuildConfiguration;
			buildSettings = {
				ALWAYS_SEARCH_USER_PATHS = NO;
				ASSETCATALOG_COMPILER_GENERATE_SWIFT_ASSET_SYMBOL_EXTENSIONS = YES;
				CLANG_ANALYZER_NONNULL = YES;
				CLANG_ANALYZER_NUMBER_OBJECT_CONVERSION = YES_AGGRESSIVE;
				CLANG_CXX_LANGUAGE_STANDARD = "gnu++20";
				CLANG_ENABLE_MODULES = YES;
				CLANG_ENABLE_OBJC_ARC = YES;
				CLANG_ENABLE_OBJC_WEAK = YES;
				CLANG_WARN_BLOCK_CAPTURE_AUTORELEASING = YES;
				CLANG_WARN_BOOL_CONVERSION = YES;
				CLANG_WARN_COMMA = YES;
				CLANG_WARN_CONSTANT_CONVERSION = YES;
				CLANG_WARN_DEPRECATED_OBJC_IMPLEMENTATIONS = YES;
				CLANG_WARN_DIRECT_OBJC_ISA_USAGE = YES_ERROR;
				CLANG_WARN_DOCUMENTATION_COMMENTS = YES;
				CLANG_WARN_EMPTY_BODY = YES;
				CLANG_WARN_ENUM_CONVERSION = YES;
				CLANG_WARN_INFINITE_RECURSION = YES;
				CLANG_WARN_INT_CONVERSION = YES;
				CLANG_WARN_NON_LITERAL_NULL_CONVERSION = YES;
				CLANG_WARN_OBJC_IMPLICIT_RETAIN_SELF = YES;
				CLANG_WARN_OBJC_LITERAL_CONVERSION = YES;
				CLANG_WARN_OBJC_ROOT_CLASS = YES_ERROR;
				CLANG_WARN_QUOTED_INCLUDE_IN_FRAMEWORK_HEADER = YES;
				CLANG_WARN_RANGE_LOOP_ANALYSIS = YES;
				CLANG_WARN_STRICT_PROTOTYPES = YES;
				CLANG_WARN_SUSPICIOUS_MOVE = YES;
				CLANG_WARN_UNGUARDED_AVAILABILITY = YES_AGGRESSIVE;
				CLANG_WARN_UNREACHABLE_CODE = YES;
				CLANG_WARN__DUPLICATE_METHOD_MATCH = YES;
				COPY_PHASE_STRIP = NO;
				DEBUG_INFORMATION_FORMAT = "dwarf-with-dsym";
				ENABLE_NS_ASSERTIONS = NO;
				ENABLE_STRICT_OBJC_MSGSEND = YES;
				ENABLE_USER_SCRIPT_SANDBOXING = YES;
				GCC_C_LANGUAGE_STANDARD = gnu17;
				GCC_NO_COMMON_BLOCKS = YES;
				GCC_WARN_64_TO_32_BIT_CONVERSION = YES;
				GCC_WARN_ABOUT_RETURN_TYPE = YES_ERROR;
				GCC_WARN_UNDECLARED_SELECTOR = YES;
				GCC_WARN_UNINITIALIZED_AUTOS = YES_AGGRESSIVE;
				GCC_WARN_UNUSED_FUNCTION = YES;
				GCC_WARN_UNUSED_VARIABLE = YES;
				IPHONEOS_DEPLOYMENT_TARGET = 17.5;
				LOCALIZATION_PREFERS_STRING_CATALOGS = YES;
				MTL_ENABLE_DEBUG_INFO = NO;
				MTL_FAST_MATH = YES;
				SDKROOT = iphoneos;
				SWIFT_COMPILATION_MODE = wholemodule;
				VALIDATE_PRODUCT = YES;
			};
			name = Release;
		};
		CC94AE212CA36A280091567C /* Debug */ = {
			isa = XCBuildConfiguration;
			buildSettings = {
				ASSETCATALOG_COMPILER_APPICON_NAME = AppIcon;
				ASSETCATALOG_COMPILER_GLOBAL_ACCENT_COLOR_NAME = AccentColor;
				CODE_SIGN_STYLE = Automatic;
				CURRENT_PROJECT_VERSION = 1;
				DEVELOPMENT_ASSET_PATHS = "\"WorkoutWithABuddy/Preview Content\"";
				DEVELOPMENT_TEAM = 5S5QVTZ4N3;
				ENABLE_PREVIEWS = YES;
				GENERATE_INFOPLIST_FILE = YES;
				INFOPLIST_KEY_UIApplicationSceneManifest_Generation = YES;
				INFOPLIST_KEY_UIApplicationSupportsIndirectInputEvents = YES;
				INFOPLIST_KEY_UILaunchScreen_Generation = YES;
				INFOPLIST_KEY_UISupportedInterfaceOrientations_iPad = "UIInterfaceOrientationPortrait UIInterfaceOrientationPortraitUpsideDown UIInterfaceOrientationLandscapeLeft UIInterfaceOrientationLandscapeRight";
				INFOPLIST_KEY_UISupportedInterfaceOrientations_iPhone = "UIInterfaceOrientationPortrait UIInterfaceOrientationLandscapeLeft UIInterfaceOrientationLandscapeRight";
				LD_RUNPATH_SEARCH_PATHS = (
					"$(inherited)",
					"@executable_path/Frameworks",
				);
				MARKETING_VERSION = 1.0;
				PRODUCT_BUNDLE_IDENTIFIER = mahkuz.WorkoutWithABuddy;
				PRODUCT_NAME = "$(TARGET_NAME)";
				SWIFT_EMIT_LOC_STRINGS = YES;
				SWIFT_VERSION = 5.0;
				TARGETED_DEVICE_FAMILY = "1,2";
			};
			name = Debug;
		};
		CC94AE222CA36A280091567C /* Release */ = {
			isa = XCBuildConfiguration;
			buildSettings = {
				ASSETCATALOG_COMPILER_APPICON_NAME = AppIcon;
				ASSETCATALOG_COMPILER_GLOBAL_ACCENT_COLOR_NAME = AccentColor;
				CODE_SIGN_STYLE = Automatic;
				CURRENT_PROJECT_VERSION = 1;
				DEVELOPMENT_ASSET_PATHS = "\"WorkoutWithABuddy/Preview Content\"";
				DEVELOPMENT_TEAM = 5S5QVTZ4N3;
				ENABLE_PREVIEWS = YES;
				GENERATE_INFOPLIST_FILE = YES;
				INFOPLIST_KEY_UIApplicationSceneManifest_Generation = YES;
				INFOPLIST_KEY_UIApplicationSupportsIndirectInputEvents = YES;
				INFOPLIST_KEY_UILaunchScreen_Generation = YES;
				INFOPLIST_KEY_UISupportedInterfaceOrientations_iPad = "UIInterfaceOrientationPortrait UIInterfaceOrientationPortraitUpsideDown UIInterfaceOrientationLandscapeLeft UIInterfaceOrientationLandscapeRight";
				INFOPLIST_KEY_UISupportedInterfaceOrientations_iPhone = "UIInterfaceOrientationPortrait UIInterfaceOrientationLandscapeLeft UIInterfaceOrientationLandscapeRight";
				LD_RUNPATH_SEARCH_PATHS = (
					"$(inherited)",
					"@executable_path/Frameworks",
				);
				MARKETING_VERSION = 1.0;
				PRODUCT_BUNDLE_IDENTIFIER = mahkuz.WorkoutWithABuddy;
				PRODUCT_NAME = "$(TARGET_NAME)";
				SWIFT_EMIT_LOC_STRINGS = YES;
				SWIFT_VERSION = 5.0;
				TARGETED_DEVICE_FAMILY = "1,2";
			};
			name = Release;
		};
		CC94AE242CA36A280091567C /* Debug */ = {
			isa = XCBuildConfiguration;
			buildSettings = {
				ALWAYS_EMBED_SWIFT_STANDARD_LIBRARIES = YES;
				BUNDLE_LOADER = "$(TEST_HOST)";
				CODE_SIGN_STYLE = Automatic;
				CURRENT_PROJECT_VERSION = 1;
				DEVELOPMENT_TEAM = 5S5QVTZ4N3;
				GENERATE_INFOPLIST_FILE = YES;
				IPHONEOS_DEPLOYMENT_TARGET = 17.5;
				MARKETING_VERSION = 1.0;
				PRODUCT_BUNDLE_IDENTIFIER = mahkuz.WorkoutWithABuddyTests;
				PRODUCT_NAME = "$(TARGET_NAME)";
				SWIFT_EMIT_LOC_STRINGS = NO;
				SWIFT_VERSION = 5.0;
				TARGETED_DEVICE_FAMILY = "1,2";
				TEST_HOST = "$(BUILT_PRODUCTS_DIR)/WorkoutWithABuddy.app/$(BUNDLE_EXECUTABLE_FOLDER_PATH)/WorkoutWithABuddy";
			};
			name = Debug;
		};
		CC94AE252CA36A280091567C /* Release */ = {
			isa = XCBuildConfiguration;
			buildSettings = {
				ALWAYS_EMBED_SWIFT_STANDARD_LIBRARIES = YES;
				BUNDLE_LOADER = "$(TEST_HOST)";
				CODE_SIGN_STYLE = Automatic;
				CURRENT_PROJECT_VERSION = 1;
				DEVELOPMENT_TEAM = 5S5QVTZ4N3;
				GENERATE_INFOPLIST_FILE = YES;
				IPHONEOS_DEPLOYMENT_TARGET = 17.5;
				MARKETING_VERSION = 1.0;
				PRODUCT_BUNDLE_IDENTIFIER = mahkuz.WorkoutWithABuddyTests;
				PRODUCT_NAME = "$(TARGET_NAME)";
				SWIFT_EMIT_LOC_STRINGS = NO;
				SWIFT_VERSION = 5.0;
				TARGETED_DEVICE_FAMILY = "1,2";
				TEST_HOST = "$(BUILT_PRODUCTS_DIR)/WorkoutWithABuddy.app/$(BUNDLE_EXECUTABLE_FOLDER_PATH)/WorkoutWithABuddy";
			};
			name = Release;
		};
		CC94AE272CA36A280091567C /* Debug */ = {
			isa = XCBuildConfiguration;
			buildSettings = {
				ALWAYS_EMBED_SWIFT_STANDARD_LIBRARIES = YES;
				CODE_SIGN_STYLE = Automatic;
				CURRENT_PROJECT_VERSION = 1;
				DEVELOPMENT_TEAM = 5S5QVTZ4N3;
				GENERATE_INFOPLIST_FILE = YES;
				MARKETING_VERSION = 1.0;
				PRODUCT_BUNDLE_IDENTIFIER = mahkuz.WorkoutWithABuddyUITests;
				PRODUCT_NAME = "$(TARGET_NAME)";
				SWIFT_EMIT_LOC_STRINGS = NO;
				SWIFT_VERSION = 5.0;
				TARGETED_DEVICE_FAMILY = "1,2";
				TEST_TARGET_NAME = WorkoutWithABuddy;
			};
			name = Debug;
		};
		CC94AE282CA36A280091567C /* Release */ = {
			isa = XCBuildConfiguration;
			buildSettings = {
				ALWAYS_EMBED_SWIFT_STANDARD_LIBRARIES = YES;
				CODE_SIGN_STYLE = Automatic;
				CURRENT_PROJECT_VERSION = 1;
				DEVELOPMENT_TEAM = 5S5QVTZ4N3;
				GENERATE_INFOPLIST_FILE = YES;
				MARKETING_VERSION = 1.0;
				PRODUCT_BUNDLE_IDENTIFIER = mahkuz.WorkoutWithABuddyUITests;
				PRODUCT_NAME = "$(TARGET_NAME)";
				SWIFT_EMIT_LOC_STRINGS = NO;
				SWIFT_VERSION = 5.0;
				TARGETED_DEVICE_FAMILY = "1,2";
				TEST_TARGET_NAME = WorkoutWithABuddy;
			};
			name = Release;
		};
/* End XCBuildConfiguration section */

/* Begin XCConfigurationList section */
		CC94ADF72CA36A270091567C /* Build configuration list for PBXProject "WorkoutWithABuddy" */ = {
			isa = XCConfigurationList;
			buildConfigurations = (
				CC94AE1E2CA36A280091567C /* Debug */,
				CC94AE1F2CA36A280091567C /* Release */,
			);
			defaultConfigurationIsVisible = 0;
			defaultConfigurationName = Release;
		};
		CC94AE202CA36A280091567C /* Build configuration list for PBXNativeTarget "WorkoutWithABuddy" */ = {
			isa = XCConfigurationList;
			buildConfigurations = (
				CC94AE212CA36A280091567C /* Debug */,
				CC94AE222CA36A280091567C /* Release */,
			);
			defaultConfigurationIsVisible = 0;
			defaultConfigurationName = Release;
		};
		CC94AE232CA36A280091567C /* Build configuration list for PBXNativeTarget "WorkoutWithABuddyTests" */ = {
			isa = XCConfigurationList;
			buildConfigurations = (
				CC94AE242CA36A280091567C /* Debug */,
				CC94AE252CA36A280091567C /* Release */,
			);
			defaultConfigurationIsVisible = 0;
			defaultConfigurationName = Release;
		};
		CC94AE262CA36A280091567C /* Build configuration list for PBXNativeTarget "WorkoutWithABuddyUITests" */ = {
			isa = XCConfigurationList;
			buildConfigurations = (
				CC94AE272CA36A280091567C /* Debug */,
				CC94AE282CA36A280091567C /* Release */,
			);
			defaultConfigurationIsVisible = 0;
			defaultConfigurationName = Release;
		};
/* End XCConfigurationList section */
	};
	rootObject = CC94ADF42CA36A270091567C /* Project object */;
}
